// !$*UTF8*$!
{
	archiveVersion = 1;
	classes = {
	};
	objectVersion = 46;
	objects = {

/* Begin PBXBuildFile section */
		58B758F21E780A17001645BA /* RTCAudioSource.h in Headers */ = {isa = PBXBuildFile; fileRef = 58B758C51E780A17001645BA /* RTCAudioSource.h */; };
		58B758F31E780A17001645BA /* RTCAudioTrack.h in Headers */ = {isa = PBXBuildFile; fileRef = 58B758C61E780A17001645BA /* RTCAudioTrack.h */; };
		58B758F41E780A17001645BA /* RTCAVFoundationVideoSource.h in Headers */ = {isa = PBXBuildFile; fileRef = 58B758C71E780A17001645BA /* RTCAVFoundationVideoSource.h */; };
		58B758F51E780A17001645BA /* RTCDataChannel.h in Headers */ = {isa = PBXBuildFile; fileRef = 58B758C81E780A17001645BA /* RTCDataChannel.h */; };
		58B758F61E780A17001645BA /* RTCEAGLVideoView.h in Headers */ = {isa = PBXBuildFile; fileRef = 58B758C91E780A17001645BA /* RTCEAGLVideoView.h */; };
		58B758F71E780A17001645BA /* RTCFileLogger.h in Headers */ = {isa = PBXBuildFile; fileRef = 58B758CA1E780A17001645BA /* RTCFileLogger.h */; };
		58B758F81E780A17001645BA /* RTCI420Frame.h in Headers */ = {isa = PBXBuildFile; fileRef = 58B758CB1E780A17001645BA /* RTCI420Frame.h */; };
		58B758F91E780A17001645BA /* RTCICECandidate.h in Headers */ = {isa = PBXBuildFile; fileRef = 58B758CC1E780A17001645BA /* RTCICECandidate.h */; };
		58B758FA1E780A17001645BA /* RTCICEServer.h in Headers */ = {isa = PBXBuildFile; fileRef = 58B758CD1E780A17001645BA /* RTCICEServer.h */; };
		58B758FB1E780A17001645BA /* RTCLogging.h in Headers */ = {isa = PBXBuildFile; fileRef = 58B758CE1E780A17001645BA /* RTCLogging.h */; };
		58B758FC1E780A17001645BA /* RTCMediaConstraints.h in Headers */ = {isa = PBXBuildFile; fileRef = 58B758CF1E780A17001645BA /* RTCMediaConstraints.h */; };
		58B758FD1E780A17001645BA /* RTCMediaSource.h in Headers */ = {isa = PBXBuildFile; fileRef = 58B758D01E780A17001645BA /* RTCMediaSource.h */; };
		58B758FE1E780A17001645BA /* RTCMediaStream.h in Headers */ = {isa = PBXBuildFile; fileRef = 58B758D11E780A17001645BA /* RTCMediaStream.h */; };
		58B758FF1E780A17001645BA /* RTCMediaStreamTrack.h in Headers */ = {isa = PBXBuildFile; fileRef = 58B758D21E780A17001645BA /* RTCMediaStreamTrack.h */; };
		58B759001E780A17001645BA /* RTCNSGLVideoView.h in Headers */ = {isa = PBXBuildFile; fileRef = 58B758D31E780A17001645BA /* RTCNSGLVideoView.h */; };
		58B759011E780A17001645BA /* RTCOpenGLVideoRenderer.h in Headers */ = {isa = PBXBuildFile; fileRef = 58B758D41E780A17001645BA /* RTCOpenGLVideoRenderer.h */; };
		58B759021E780A17001645BA /* RTCPair.h in Headers */ = {isa = PBXBuildFile; fileRef = 58B758D51E780A17001645BA /* RTCPair.h */; };
		58B759031E780A17001645BA /* RTCPeerConnection.h in Headers */ = {isa = PBXBuildFile; fileRef = 58B758D61E780A17001645BA /* RTCPeerConnection.h */; };
		58B759041E780A17001645BA /* RTCPeerConnectionDelegate.h in Headers */ = {isa = PBXBuildFile; fileRef = 58B758D71E780A17001645BA /* RTCPeerConnectionDelegate.h */; };
		58B759051E780A17001645BA /* RTCPeerConnectionFactory.h in Headers */ = {isa = PBXBuildFile; fileRef = 58B758D81E780A17001645BA /* RTCPeerConnectionFactory.h */; };
		58B759061E780A17001645BA /* RTCPeerConnectionInterface.h in Headers */ = {isa = PBXBuildFile; fileRef = 58B758D91E780A17001645BA /* RTCPeerConnectionInterface.h */; };
		58B759071E780A17001645BA /* RTCSessionDescription.h in Headers */ = {isa = PBXBuildFile; fileRef = 58B758DA1E780A17001645BA /* RTCSessionDescription.h */; };
		58B759081E780A17001645BA /* RTCSessionDescriptionDelegate.h in Headers */ = {isa = PBXBuildFile; fileRef = 58B758DB1E780A17001645BA /* RTCSessionDescriptionDelegate.h */; };
		58B759091E780A17001645BA /* RTCStatsDelegate.h in Headers */ = {isa = PBXBuildFile; fileRef = 58B758DC1E780A17001645BA /* RTCStatsDelegate.h */; };
		58B7590A1E780A17001645BA /* RTCStatsReport.h in Headers */ = {isa = PBXBuildFile; fileRef = 58B758DD1E780A17001645BA /* RTCStatsReport.h */; };
		58B7590B1E780A17001645BA /* RTCTypes.h in Headers */ = {isa = PBXBuildFile; fileRef = 58B758DE1E780A17001645BA /* RTCTypes.h */; };
		58B7590C1E780A17001645BA /* RTCVideoCapturer.h in Headers */ = {isa = PBXBuildFile; fileRef = 58B758DF1E780A17001645BA /* RTCVideoCapturer.h */; };
		58B7590D1E780A17001645BA /* RTCVideoRenderer.h in Headers */ = {isa = PBXBuildFile; fileRef = 58B758E01E780A17001645BA /* RTCVideoRenderer.h */; };
		58B7590E1E780A17001645BA /* RTCVideoSource.h in Headers */ = {isa = PBXBuildFile; fileRef = 58B758E11E780A17001645BA /* RTCVideoSource.h */; };
		58B7590F1E780A17001645BA /* RTCVideoTrack.h in Headers */ = {isa = PBXBuildFile; fileRef = 58B758E21E780A17001645BA /* RTCVideoTrack.h */; };
		58B759101E780A17001645BA /* SKWCallOption.h in Headers */ = {isa = PBXBuildFile; fileRef = 58B758E31E780A17001645BA /* SKWCallOption.h */; };
		58B759111E780A17001645BA /* SKWConnection.h in Headers */ = {isa = PBXBuildFile; fileRef = 58B758E41E780A17001645BA /* SKWConnection.h */; };
		58B759121E780A17001645BA /* SKWConnectOption.h in Headers */ = {isa = PBXBuildFile; fileRef = 58B758E51E780A17001645BA /* SKWConnectOption.h */; };
		58B759131E780A17001645BA /* SKWDataChannel.h in Headers */ = {isa = PBXBuildFile; fileRef = 58B758E61E780A17001645BA /* SKWDataChannel.h */; };
		58B759141E780A17001645BA /* SKWDataConnection.h in Headers */ = {isa = PBXBuildFile; fileRef = 58B758E71E780A17001645BA /* SKWDataConnection.h */; };
		58B759151E780A17001645BA /* SKWIceConfig.h in Headers */ = {isa = PBXBuildFile; fileRef = 58B758E81E780A17001645BA /* SKWIceConfig.h */; };
		58B759161E780A17001645BA /* SKWMediaConnection.h in Headers */ = {isa = PBXBuildFile; fileRef = 58B758E91E780A17001645BA /* SKWMediaConnection.h */; };
		58B759171E780A17001645BA /* SKWMediaConstraints.h in Headers */ = {isa = PBXBuildFile; fileRef = 58B758EA1E780A17001645BA /* SKWMediaConstraints.h */; };
		58B759181E780A17001645BA /* SKWMediaStream.h in Headers */ = {isa = PBXBuildFile; fileRef = 58B758EB1E780A17001645BA /* SKWMediaStream.h */; };
		58B759191E780A17001645BA /* SKWNavigator.h in Headers */ = {isa = PBXBuildFile; fileRef = 58B758EC1E780A17001645BA /* SKWNavigator.h */; };
		58B7591A1E780A17001645BA /* SKWPeer.h in Headers */ = {isa = PBXBuildFile; fileRef = 58B758ED1E780A17001645BA /* SKWPeer.h */; };
		58B7591B1E780A17001645BA /* SKWPeerCommon.h in Headers */ = {isa = PBXBuildFile; fileRef = 58B758EE1E780A17001645BA /* SKWPeerCommon.h */; };
		58B7591C1E780A17001645BA /* SKWPeerError.h in Headers */ = {isa = PBXBuildFile; fileRef = 58B758EF1E780A17001645BA /* SKWPeerError.h */; };
		58B7591D1E780A17001645BA /* SKWPeerOption.h in Headers */ = {isa = PBXBuildFile; fileRef = 58B758F01E780A17001645BA /* SKWPeerOption.h */; };
		58B7591E1E780A17001645BA /* SKWVideo.h in Headers */ = {isa = PBXBuildFile; fileRef = 58B758F11E780A17001645BA /* SKWVideo.h */; };
		58C38C571E69669700B6F9AE /* ios_framework_with_skyway.framework in Frameworks */ = {isa = PBXBuildFile; fileRef = 58C38C4D1E69669700B6F9AE /* ios_framework_with_skyway.framework */; };
		58C38C5C1E69669700B6F9AE /* ios_framework_with_skywayTests.swift in Sources */ = {isa = PBXBuildFile; fileRef = 58C38C5B1E69669700B6F9AE /* ios_framework_with_skywayTests.swift */; };
		58C38C5E1E69669700B6F9AE /* ios_framework_with_skyway.h in Headers */ = {isa = PBXBuildFile; fileRef = 58C38C501E69669700B6F9AE /* ios_framework_with_skyway.h */; settings = {ATTRIBUTES = (Public, ); }; };
		58C38C6E1E696B3200B6F9AE /* PeerManager.swift in Sources */ = {isa = PBXBuildFile; fileRef = 58C38C6D1E696B3200B6F9AE /* PeerManager.swift */; };
		C17B43F420AEC2F199BEEF39 /* Pods_ios_framework_with_skyway.framework in Frameworks */ = {isa = PBXBuildFile; fileRef = 7EEAED8AC06AFB295C199B3A /* Pods_ios_framework_with_skyway.framework */; };
		EFC6F5DB16C8BF61F96BDF2E /* Pods_ios_framework_with_skywayTests.framework in Frameworks */ = {isa = PBXBuildFile; fileRef = 62D154ABA7AFA989C504B28E /* Pods_ios_framework_with_skywayTests.framework */; };
/* End PBXBuildFile section */

/* Begin PBXContainerItemProxy section */
		58C38C581E69669700B6F9AE /* PBXContainerItemProxy */ = {
			isa = PBXContainerItemProxy;
			containerPortal = 58C38C441E69669700B6F9AE /* Project object */;
			proxyType = 1;
			remoteGlobalIDString = 58C38C4C1E69669700B6F9AE;
			remoteInfo = ios_framework_with_skyway;
		};
/* End PBXContainerItemProxy section */

/* Begin PBXFileReference section */
		21397BFB7AD5D15979CD65B6 /* Pods-ios_framework_with_skywayTests.release.xcconfig */ = {isa = PBXFileReference; includeInIndex = 1; lastKnownFileType = text.xcconfig; name = "Pods-ios_framework_with_skywayTests.release.xcconfig"; path = "Pods/Target Support Files/Pods-ios_framework_with_skywayTests/Pods-ios_framework_with_skywayTests.release.xcconfig"; sourceTree = "<group>"; };
		36BEFA8EA77D04B767C93BC0 /* Pods-ios_framework_with_skyway.debug.xcconfig */ = {isa = PBXFileReference; includeInIndex = 1; lastKnownFileType = text.xcconfig; name = "Pods-ios_framework_with_skyway.debug.xcconfig"; path = "Pods/Target Support Files/Pods-ios_framework_with_skyway/Pods-ios_framework_with_skyway.debug.xcconfig"; sourceTree = "<group>"; };
		58B758C51E780A17001645BA /* RTCAudioSource.h */ = {isa = PBXFileReference; fileEncoding = 4; lastKnownFileType = sourcecode.c.h; path = RTCAudioSource.h; sourceTree = "<group>"; };
		58B758C61E780A17001645BA /* RTCAudioTrack.h */ = {isa = PBXFileReference; fileEncoding = 4; lastKnownFileType = sourcecode.c.h; path = RTCAudioTrack.h; sourceTree = "<group>"; };
		58B758C71E780A17001645BA /* RTCAVFoundationVideoSource.h */ = {isa = PBXFileReference; fileEncoding = 4; lastKnownFileType = sourcecode.c.h; path = RTCAVFoundationVideoSource.h; sourceTree = "<group>"; };
		58B758C81E780A17001645BA /* RTCDataChannel.h */ = {isa = PBXFileReference; fileEncoding = 4; lastKnownFileType = sourcecode.c.h; path = RTCDataChannel.h; sourceTree = "<group>"; };
		58B758C91E780A17001645BA /* RTCEAGLVideoView.h */ = {isa = PBXFileReference; fileEncoding = 4; lastKnownFileType = sourcecode.c.h; path = RTCEAGLVideoView.h; sourceTree = "<group>"; };
		58B758CA1E780A17001645BA /* RTCFileLogger.h */ = {isa = PBXFileReference; fileEncoding = 4; lastKnownFileType = sourcecode.c.h; path = RTCFileLogger.h; sourceTree = "<group>"; };
		58B758CB1E780A17001645BA /* RTCI420Frame.h */ = {isa = PBXFileReference; fileEncoding = 4; lastKnownFileType = sourcecode.c.h; path = RTCI420Frame.h; sourceTree = "<group>"; };
		58B758CC1E780A17001645BA /* RTCICECandidate.h */ = {isa = PBXFileReference; fileEncoding = 4; lastKnownFileType = sourcecode.c.h; path = RTCICECandidate.h; sourceTree = "<group>"; };
		58B758CD1E780A17001645BA /* RTCICEServer.h */ = {isa = PBXFileReference; fileEncoding = 4; lastKnownFileType = sourcecode.c.h; path = RTCICEServer.h; sourceTree = "<group>"; };
		58B758CE1E780A17001645BA /* RTCLogging.h */ = {isa = PBXFileReference; fileEncoding = 4; lastKnownFileType = sourcecode.c.h; path = RTCLogging.h; sourceTree = "<group>"; };
		58B758CF1E780A17001645BA /* RTCMediaConstraints.h */ = {isa = PBXFileReference; fileEncoding = 4; lastKnownFileType = sourcecode.c.h; path = RTCMediaConstraints.h; sourceTree = "<group>"; };
		58B758D01E780A17001645BA /* RTCMediaSource.h */ = {isa = PBXFileReference; fileEncoding = 4; lastKnownFileType = sourcecode.c.h; path = RTCMediaSource.h; sourceTree = "<group>"; };
		58B758D11E780A17001645BA /* RTCMediaStream.h */ = {isa = PBXFileReference; fileEncoding = 4; lastKnownFileType = sourcecode.c.h; path = RTCMediaStream.h; sourceTree = "<group>"; };
		58B758D21E780A17001645BA /* RTCMediaStreamTrack.h */ = {isa = PBXFileReference; fileEncoding = 4; lastKnownFileType = sourcecode.c.h; path = RTCMediaStreamTrack.h; sourceTree = "<group>"; };
		58B758D31E780A17001645BA /* RTCNSGLVideoView.h */ = {isa = PBXFileReference; fileEncoding = 4; lastKnownFileType = sourcecode.c.h; path = RTCNSGLVideoView.h; sourceTree = "<group>"; };
		58B758D41E780A17001645BA /* RTCOpenGLVideoRenderer.h */ = {isa = PBXFileReference; fileEncoding = 4; lastKnownFileType = sourcecode.c.h; path = RTCOpenGLVideoRenderer.h; sourceTree = "<group>"; };
		58B758D51E780A17001645BA /* RTCPair.h */ = {isa = PBXFileReference; fileEncoding = 4; lastKnownFileType = sourcecode.c.h; path = RTCPair.h; sourceTree = "<group>"; };
		58B758D61E780A17001645BA /* RTCPeerConnection.h */ = {isa = PBXFileReference; fileEncoding = 4; lastKnownFileType = sourcecode.c.h; path = RTCPeerConnection.h; sourceTree = "<group>"; };
		58B758D71E780A17001645BA /* RTCPeerConnectionDelegate.h */ = {isa = PBXFileReference; fileEncoding = 4; lastKnownFileType = sourcecode.c.h; path = RTCPeerConnectionDelegate.h; sourceTree = "<group>"; };
		58B758D81E780A17001645BA /* RTCPeerConnectionFactory.h */ = {isa = PBXFileReference; fileEncoding = 4; lastKnownFileType = sourcecode.c.h; path = RTCPeerConnectionFactory.h; sourceTree = "<group>"; };
		58B758D91E780A17001645BA /* RTCPeerConnectionInterface.h */ = {isa = PBXFileReference; fileEncoding = 4; lastKnownFileType = sourcecode.c.h; path = RTCPeerConnectionInterface.h; sourceTree = "<group>"; };
		58B758DA1E780A17001645BA /* RTCSessionDescription.h */ = {isa = PBXFileReference; fileEncoding = 4; lastKnownFileType = sourcecode.c.h; path = RTCSessionDescription.h; sourceTree = "<group>"; };
		58B758DB1E780A17001645BA /* RTCSessionDescriptionDelegate.h */ = {isa = PBXFileReference; fileEncoding = 4; lastKnownFileType = sourcecode.c.h; path = RTCSessionDescriptionDelegate.h; sourceTree = "<group>"; };
		58B758DC1E780A17001645BA /* RTCStatsDelegate.h */ = {isa = PBXFileReference; fileEncoding = 4; lastKnownFileType = sourcecode.c.h; path = RTCStatsDelegate.h; sourceTree = "<group>"; };
		58B758DD1E780A17001645BA /* RTCStatsReport.h */ = {isa = PBXFileReference; fileEncoding = 4; lastKnownFileType = sourcecode.c.h; path = RTCStatsReport.h; sourceTree = "<group>"; };
		58B758DE1E780A17001645BA /* RTCTypes.h */ = {isa = PBXFileReference; fileEncoding = 4; lastKnownFileType = sourcecode.c.h; path = RTCTypes.h; sourceTree = "<group>"; };
		58B758DF1E780A17001645BA /* RTCVideoCapturer.h */ = {isa = PBXFileReference; fileEncoding = 4; lastKnownFileType = sourcecode.c.h; path = RTCVideoCapturer.h; sourceTree = "<group>"; };
		58B758E01E780A17001645BA /* RTCVideoRenderer.h */ = {isa = PBXFileReference; fileEncoding = 4; lastKnownFileType = sourcecode.c.h; path = RTCVideoRenderer.h; sourceTree = "<group>"; };
		58B758E11E780A17001645BA /* RTCVideoSource.h */ = {isa = PBXFileReference; fileEncoding = 4; lastKnownFileType = sourcecode.c.h; path = RTCVideoSource.h; sourceTree = "<group>"; };
		58B758E21E780A17001645BA /* RTCVideoTrack.h */ = {isa = PBXFileReference; fileEncoding = 4; lastKnownFileType = sourcecode.c.h; path = RTCVideoTrack.h; sourceTree = "<group>"; };
		58B758E31E780A17001645BA /* SKWCallOption.h */ = {isa = PBXFileReference; fileEncoding = 4; lastKnownFileType = sourcecode.c.h; path = SKWCallOption.h; sourceTree = "<group>"; };
		58B758E41E780A17001645BA /* SKWConnection.h */ = {isa = PBXFileReference; fileEncoding = 4; lastKnownFileType = sourcecode.c.h; path = SKWConnection.h; sourceTree = "<group>"; };
		58B758E51E780A17001645BA /* SKWConnectOption.h */ = {isa = PBXFileReference; fileEncoding = 4; lastKnownFileType = sourcecode.c.h; path = SKWConnectOption.h; sourceTree = "<group>"; };
		58B758E61E780A17001645BA /* SKWDataChannel.h */ = {isa = PBXFileReference; fileEncoding = 4; lastKnownFileType = sourcecode.c.h; path = SKWDataChannel.h; sourceTree = "<group>"; };
		58B758E71E780A17001645BA /* SKWDataConnection.h */ = {isa = PBXFileReference; fileEncoding = 4; lastKnownFileType = sourcecode.c.h; path = SKWDataConnection.h; sourceTree = "<group>"; };
		58B758E81E780A17001645BA /* SKWIceConfig.h */ = {isa = PBXFileReference; fileEncoding = 4; lastKnownFileType = sourcecode.c.h; path = SKWIceConfig.h; sourceTree = "<group>"; };
		58B758E91E780A17001645BA /* SKWMediaConnection.h */ = {isa = PBXFileReference; fileEncoding = 4; lastKnownFileType = sourcecode.c.h; path = SKWMediaConnection.h; sourceTree = "<group>"; };
		58B758EA1E780A17001645BA /* SKWMediaConstraints.h */ = {isa = PBXFileReference; fileEncoding = 4; lastKnownFileType = sourcecode.c.h; path = SKWMediaConstraints.h; sourceTree = "<group>"; };
		58B758EB1E780A17001645BA /* SKWMediaStream.h */ = {isa = PBXFileReference; fileEncoding = 4; lastKnownFileType = sourcecode.c.h; path = SKWMediaStream.h; sourceTree = "<group>"; };
		58B758EC1E780A17001645BA /* SKWNavigator.h */ = {isa = PBXFileReference; fileEncoding = 4; lastKnownFileType = sourcecode.c.h; path = SKWNavigator.h; sourceTree = "<group>"; };
		58B758ED1E780A17001645BA /* SKWPeer.h */ = {isa = PBXFileReference; fileEncoding = 4; lastKnownFileType = sourcecode.c.h; path = SKWPeer.h; sourceTree = "<group>"; };
		58B758EE1E780A17001645BA /* SKWPeerCommon.h */ = {isa = PBXFileReference; fileEncoding = 4; lastKnownFileType = sourcecode.c.h; path = SKWPeerCommon.h; sourceTree = "<group>"; };
		58B758EF1E780A17001645BA /* SKWPeerError.h */ = {isa = PBXFileReference; fileEncoding = 4; lastKnownFileType = sourcecode.c.h; path = SKWPeerError.h; sourceTree = "<group>"; };
		58B758F01E780A17001645BA /* SKWPeerOption.h */ = {isa = PBXFileReference; fileEncoding = 4; lastKnownFileType = sourcecode.c.h; path = SKWPeerOption.h; sourceTree = "<group>"; };
		58B758F11E780A17001645BA /* SKWVideo.h */ = {isa = PBXFileReference; fileEncoding = 4; lastKnownFileType = sourcecode.c.h; path = SKWVideo.h; sourceTree = "<group>"; };
		58C38C4D1E69669700B6F9AE /* ios_framework_with_skyway.framework */ = {isa = PBXFileReference; explicitFileType = wrapper.framework; includeInIndex = 0; path = ios_framework_with_skyway.framework; sourceTree = BUILT_PRODUCTS_DIR; };
		58C38C501E69669700B6F9AE /* ios_framework_with_skyway.h */ = {isa = PBXFileReference; lastKnownFileType = sourcecode.c.h; path = ios_framework_with_skyway.h; sourceTree = "<group>"; };
		58C38C511E69669700B6F9AE /* Info.plist */ = {isa = PBXFileReference; lastKnownFileType = text.plist.xml; path = Info.plist; sourceTree = "<group>"; };
		58C38C561E69669700B6F9AE /* ios_framework_with_skywayTests.xctest */ = {isa = PBXFileReference; explicitFileType = wrapper.cfbundle; includeInIndex = 0; path = ios_framework_with_skywayTests.xctest; sourceTree = BUILT_PRODUCTS_DIR; };
		58C38C5B1E69669700B6F9AE /* ios_framework_with_skywayTests.swift */ = {isa = PBXFileReference; lastKnownFileType = sourcecode.swift; path = ios_framework_with_skywayTests.swift; sourceTree = "<group>"; };
		58C38C5D1E69669700B6F9AE /* Info.plist */ = {isa = PBXFileReference; lastKnownFileType = text.plist.xml; path = Info.plist; sourceTree = "<group>"; };
		58C38C671E69690900B6F9AE /* AudioToolbox.framework */ = {isa = PBXFileReference; lastKnownFileType = wrapper.framework; name = AudioToolbox.framework; path = System/Library/Frameworks/AudioToolbox.framework; sourceTree = SDKROOT; };
		58C38C691E69691000B6F9AE /* AVFoundation.framework */ = {isa = PBXFileReference; lastKnownFileType = wrapper.framework; name = AVFoundation.framework; path = System/Library/Frameworks/AVFoundation.framework; sourceTree = SDKROOT; };
		58C38C6B1E69691C00B6F9AE /* GLKit.framework */ = {isa = PBXFileReference; lastKnownFileType = wrapper.framework; name = GLKit.framework; path = System/Library/Frameworks/GLKit.framework; sourceTree = SDKROOT; };
		58C38C6D1E696B3200B6F9AE /* PeerManager.swift */ = {isa = PBXFileReference; fileEncoding = 4; lastKnownFileType = sourcecode.swift; path = PeerManager.swift; sourceTree = "<group>"; };
		62D154ABA7AFA989C504B28E /* Pods_ios_framework_with_skywayTests.framework */ = {isa = PBXFileReference; explicitFileType = wrapper.framework; includeInIndex = 0; path = Pods_ios_framework_with_skywayTests.framework; sourceTree = BUILT_PRODUCTS_DIR; };
		67B2C6976CF693A8E0164B06 /* Pods-ios_framework_with_skywayTests.debug.xcconfig */ = {isa = PBXFileReference; includeInIndex = 1; lastKnownFileType = text.xcconfig; name = "Pods-ios_framework_with_skywayTests.debug.xcconfig"; path = "Pods/Target Support Files/Pods-ios_framework_with_skywayTests/Pods-ios_framework_with_skywayTests.debug.xcconfig"; sourceTree = "<group>"; };
		7EEAED8AC06AFB295C199B3A /* Pods_ios_framework_with_skyway.framework */ = {isa = PBXFileReference; explicitFileType = wrapper.framework; includeInIndex = 0; path = Pods_ios_framework_with_skyway.framework; sourceTree = BUILT_PRODUCTS_DIR; };
		D098F98F3242179D0EEAC238 /* Pods-ios_framework_with_skyway.release.xcconfig */ = {isa = PBXFileReference; includeInIndex = 1; lastKnownFileType = text.xcconfig; name = "Pods-ios_framework_with_skyway.release.xcconfig"; path = "Pods/Target Support Files/Pods-ios_framework_with_skyway/Pods-ios_framework_with_skyway.release.xcconfig"; sourceTree = "<group>"; };
/* End PBXFileReference section */

/* Begin PBXFrameworksBuildPhase section */
		58C38C491E69669700B6F9AE /* Frameworks */ = {
			isa = PBXFrameworksBuildPhase;
			buildActionMask = 2147483647;
			files = (
				C17B43F420AEC2F199BEEF39 /* Pods_ios_framework_with_skyway.framework in Frameworks */,
			);
			runOnlyForDeploymentPostprocessing = 0;
		};
		58C38C531E69669700B6F9AE /* Frameworks */ = {
			isa = PBXFrameworksBuildPhase;
			buildActionMask = 2147483647;
			files = (
				58C38C571E69669700B6F9AE /* ios_framework_with_skyway.framework in Frameworks */,
				EFC6F5DB16C8BF61F96BDF2E /* Pods_ios_framework_with_skywayTests.framework in Frameworks */,
			);
			runOnlyForDeploymentPostprocessing = 0;
		};
/* End PBXFrameworksBuildPhase section */

/* Begin PBXGroup section */
		288BD345A1A1DDD18232DFEE /* Pods */ = {
			isa = PBXGroup;
			children = (
				36BEFA8EA77D04B767C93BC0 /* Pods-ios_framework_with_skyway.debug.xcconfig */,
				D098F98F3242179D0EEAC238 /* Pods-ios_framework_with_skyway.release.xcconfig */,
				67B2C6976CF693A8E0164B06 /* Pods-ios_framework_with_skywayTests.debug.xcconfig */,
				21397BFB7AD5D15979CD65B6 /* Pods-ios_framework_with_skywayTests.release.xcconfig */,
			);
			name = Pods;
			sourceTree = "<group>";
		};
		58B7586A1E78098A001645BA /* skyway-headers */ = {
			isa = PBXGroup;
			children = (
				58B758C51E780A17001645BA /* RTCAudioSource.h */,
				58B758C61E780A17001645BA /* RTCAudioTrack.h */,
				58B758C71E780A17001645BA /* RTCAVFoundationVideoSource.h */,
				58B758C81E780A17001645BA /* RTCDataChannel.h */,
				58B758C91E780A17001645BA /* RTCEAGLVideoView.h */,
				58B758CA1E780A17001645BA /* RTCFileLogger.h */,
				58B758CB1E780A17001645BA /* RTCI420Frame.h */,
				58B758CC1E780A17001645BA /* RTCICECandidate.h */,
				58B758CD1E780A17001645BA /* RTCICEServer.h */,
				58B758CE1E780A17001645BA /* RTCLogging.h */,
				58B758CF1E780A17001645BA /* RTCMediaConstraints.h */,
				58B758D01E780A17001645BA /* RTCMediaSource.h */,
				58B758D11E780A17001645BA /* RTCMediaStream.h */,
				58B758D21E780A17001645BA /* RTCMediaStreamTrack.h */,
				58B758D31E780A17001645BA /* RTCNSGLVideoView.h */,
				58B758D41E780A17001645BA /* RTCOpenGLVideoRenderer.h */,
				58B758D51E780A17001645BA /* RTCPair.h */,
				58B758D61E780A17001645BA /* RTCPeerConnection.h */,
				58B758D71E780A17001645BA /* RTCPeerConnectionDelegate.h */,
				58B758D81E780A17001645BA /* RTCPeerConnectionFactory.h */,
				58B758D91E780A17001645BA /* RTCPeerConnectionInterface.h */,
				58B758DA1E780A17001645BA /* RTCSessionDescription.h */,
				58B758DB1E780A17001645BA /* RTCSessionDescriptionDelegate.h */,
				58B758DC1E780A17001645BA /* RTCStatsDelegate.h */,
				58B758DD1E780A17001645BA /* RTCStatsReport.h */,
				58B758DE1E780A17001645BA /* RTCTypes.h */,
				58B758DF1E780A17001645BA /* RTCVideoCapturer.h */,
				58B758E01E780A17001645BA /* RTCVideoRenderer.h */,
				58B758E11E780A17001645BA /* RTCVideoSource.h */,
				58B758E21E780A17001645BA /* RTCVideoTrack.h */,
				58B758E31E780A17001645BA /* SKWCallOption.h */,
				58B758E41E780A17001645BA /* SKWConnection.h */,
				58B758E51E780A17001645BA /* SKWConnectOption.h */,
				58B758E61E780A17001645BA /* SKWDataChannel.h */,
				58B758E71E780A17001645BA /* SKWDataConnection.h */,
				58B758E81E780A17001645BA /* SKWIceConfig.h */,
				58B758E91E780A17001645BA /* SKWMediaConnection.h */,
				58B758EA1E780A17001645BA /* SKWMediaConstraints.h */,
				58B758EB1E780A17001645BA /* SKWMediaStream.h */,
				58B758EC1E780A17001645BA /* SKWNavigator.h */,
				58B758ED1E780A17001645BA /* SKWPeer.h */,
				58B758EE1E780A17001645BA /* SKWPeerCommon.h */,
				58B758EF1E780A17001645BA /* SKWPeerError.h */,
				58B758F01E780A17001645BA /* SKWPeerOption.h */,
				58B758F11E780A17001645BA /* SKWVideo.h */,
			);
			name = "skyway-headers";
			sourceTree = "<group>";
		};
		58C38C431E69669700B6F9AE = {
			isa = PBXGroup;
			children = (
				58C38C4F1E69669700B6F9AE /* ios_framework_with_skyway */,
				58C38C5A1E69669700B6F9AE /* ios_framework_with_skywayTests */,
				58C38C4E1E69669700B6F9AE /* Products */,
				288BD345A1A1DDD18232DFEE /* Pods */,
				718692EC9197D5653F066FFB /* Frameworks */,
			);
			sourceTree = "<group>";
		};
		58C38C4E1E69669700B6F9AE /* Products */ = {
			isa = PBXGroup;
			children = (
				58C38C4D1E69669700B6F9AE /* ios_framework_with_skyway.framework */,
				58C38C561E69669700B6F9AE /* ios_framework_with_skywayTests.xctest */,
			);
			name = Products;
			sourceTree = "<group>";
		};
		58C38C4F1E69669700B6F9AE /* ios_framework_with_skyway */ = {
			isa = PBXGroup;
			children = (
				58B7586A1E78098A001645BA /* skyway-headers */,
				58C38C501E69669700B6F9AE /* ios_framework_with_skyway.h */,
				58C38C511E69669700B6F9AE /* Info.plist */,
				58C38C6D1E696B3200B6F9AE /* PeerManager.swift */,
			);
			path = ios_framework_with_skyway;
			sourceTree = "<group>";
		};
		58C38C5A1E69669700B6F9AE /* ios_framework_with_skywayTests */ = {
			isa = PBXGroup;
			children = (
				58C38C5B1E69669700B6F9AE /* ios_framework_with_skywayTests.swift */,
				58C38C5D1E69669700B6F9AE /* Info.plist */,
			);
			path = ios_framework_with_skywayTests;
			sourceTree = "<group>";
		};
		718692EC9197D5653F066FFB /* Frameworks */ = {
			isa = PBXGroup;
			children = (
				58C38C6B1E69691C00B6F9AE /* GLKit.framework */,
				58C38C691E69691000B6F9AE /* AVFoundation.framework */,
				58C38C671E69690900B6F9AE /* AudioToolbox.framework */,
				7EEAED8AC06AFB295C199B3A /* Pods_ios_framework_with_skyway.framework */,
				62D154ABA7AFA989C504B28E /* Pods_ios_framework_with_skywayTests.framework */,
			);
			name = Frameworks;
			sourceTree = "<group>";
		};
/* End PBXGroup section */

/* Begin PBXHeadersBuildPhase section */
		58C38C4A1E69669700B6F9AE /* Headers */ = {
			isa = PBXHeadersBuildPhase;
			buildActionMask = 2147483647;
			files = (
				58B7591A1E780A17001645BA /* SKWPeer.h in Headers */,
				58B758FC1E780A17001645BA /* RTCMediaConstraints.h in Headers */,
				58B759081E780A17001645BA /* RTCSessionDescriptionDelegate.h in Headers */,
				58B7590B1E780A17001645BA /* RTCTypes.h in Headers */,
				58B759161E780A17001645BA /* SKWMediaConnection.h in Headers */,
				58B7591D1E780A17001645BA /* SKWPeerOption.h in Headers */,
				58B758FF1E780A17001645BA /* RTCMediaStreamTrack.h in Headers */,
				58B759141E780A17001645BA /* SKWDataConnection.h in Headers */,
				58B758F21E780A17001645BA /* RTCAudioSource.h in Headers */,
				58B758F41E780A17001645BA /* RTCAVFoundationVideoSource.h in Headers */,
				58B759061E780A17001645BA /* RTCPeerConnectionInterface.h in Headers */,
				58B759011E780A17001645BA /* RTCOpenGLVideoRenderer.h in Headers */,
				58B759151E780A17001645BA /* SKWIceConfig.h in Headers */,
				58B759041E780A17001645BA /* RTCPeerConnectionDelegate.h in Headers */,
				58B758FB1E780A17001645BA /* RTCLogging.h in Headers */,
				58B758F61E780A17001645BA /* RTCEAGLVideoView.h in Headers */,
				58B7590F1E780A17001645BA /* RTCVideoTrack.h in Headers */,
				58B7590A1E780A17001645BA /* RTCStatsReport.h in Headers */,
				58B759191E780A17001645BA /* SKWNavigator.h in Headers */,
				58B758F31E780A17001645BA /* RTCAudioTrack.h in Headers */,
				58B7591E1E780A17001645BA /* SKWVideo.h in Headers */,
				58B7590E1E780A17001645BA /* RTCVideoSource.h in Headers */,
				58B759101E780A17001645BA /* SKWCallOption.h in Headers */,
				58B759111E780A17001645BA /* SKWConnection.h in Headers */,
				58B759021E780A17001645BA /* RTCPair.h in Headers */,
				58B7590C1E780A17001645BA /* RTCVideoCapturer.h in Headers */,
				58B759001E780A17001645BA /* RTCNSGLVideoView.h in Headers */,
				58B759181E780A17001645BA /* SKWMediaStream.h in Headers */,
				58B758FD1E780A17001645BA /* RTCMediaSource.h in Headers */,
				58B7591C1E780A17001645BA /* SKWPeerError.h in Headers */,
				58C38C5E1E69669700B6F9AE /* ios_framework_with_skyway.h in Headers */,
				58B759091E780A17001645BA /* RTCStatsDelegate.h in Headers */,
				58B758FA1E780A17001645BA /* RTCICEServer.h in Headers */,
				58B758FE1E780A17001645BA /* RTCMediaStream.h in Headers */,
				58B7591B1E780A17001645BA /* SKWPeerCommon.h in Headers */,
				58B758F51E780A17001645BA /* RTCDataChannel.h in Headers */,
				58B759071E780A17001645BA /* RTCSessionDescription.h in Headers */,
				58B758F71E780A17001645BA /* RTCFileLogger.h in Headers */,
				58B7590D1E780A17001645BA /* RTCVideoRenderer.h in Headers */,
				58B759131E780A17001645BA /* SKWDataChannel.h in Headers */,
				58B758F91E780A17001645BA /* RTCICECandidate.h in Headers */,
				58B759051E780A17001645BA /* RTCPeerConnectionFactory.h in Headers */,
				58B758F81E780A17001645BA /* RTCI420Frame.h in Headers */,
				58B759121E780A17001645BA /* SKWConnectOption.h in Headers */,
				58B759031E780A17001645BA /* RTCPeerConnection.h in Headers */,
				58B759171E780A17001645BA /* SKWMediaConstraints.h in Headers */,
			);
			runOnlyForDeploymentPostprocessing = 0;
		};
/* End PBXHeadersBuildPhase section */

/* Begin PBXNativeTarget section */
		58C38C4C1E69669700B6F9AE /* ios_framework_with_skyway */ = {
			isa = PBXNativeTarget;
			buildConfigurationList = 58C38C611E69669700B6F9AE /* Build configuration list for PBXNativeTarget "ios_framework_with_skyway" */;
			buildPhases = (
				ADBB60CACA7D85B250A912BA /* [CP] Check Pods Manifest.lock */,
				58C38C481E69669700B6F9AE /* Sources */,
				58C38C491E69669700B6F9AE /* Frameworks */,
				58C38C4A1E69669700B6F9AE /* Headers */,
				58C38C4B1E69669700B6F9AE /* Resources */,
				82D88E9CAB1EA56202FD78D0 /* [CP] Copy Pods Resources */,
			);
			buildRules = (
			);
			dependencies = (
			);
			name = ios_framework_with_skyway;
			productName = ios_framework_with_skyway;
			productReference = 58C38C4D1E69669700B6F9AE /* ios_framework_with_skyway.framework */;
			productType = "com.apple.product-type.framework";
		};
		58C38C551E69669700B6F9AE /* ios_framework_with_skywayTests */ = {
			isa = PBXNativeTarget;
			buildConfigurationList = 58C38C641E69669700B6F9AE /* Build configuration list for PBXNativeTarget "ios_framework_with_skywayTests" */;
			buildPhases = (
				1E13FDFE041963CDF0A01270 /* [CP] Check Pods Manifest.lock */,
				58C38C521E69669700B6F9AE /* Sources */,
				58C38C531E69669700B6F9AE /* Frameworks */,
				58C38C541E69669700B6F9AE /* Resources */,
				C65CC41BFD6670F288F8F8E1 /* [CP] Embed Pods Frameworks */,
				681D7D3C3E281AD68372EA87 /* [CP] Copy Pods Resources */,
			);
			buildRules = (
			);
			dependencies = (
				58C38C591E69669700B6F9AE /* PBXTargetDependency */,
			);
			name = ios_framework_with_skywayTests;
			productName = ios_framework_with_skywayTests;
			productReference = 58C38C561E69669700B6F9AE /* ios_framework_with_skywayTests.xctest */;
			productType = "com.apple.product-type.bundle.unit-test";
		};
/* End PBXNativeTarget section */

/* Begin PBXProject section */
		58C38C441E69669700B6F9AE /* Project object */ = {
			isa = PBXProject;
			attributes = {
				LastSwiftUpdateCheck = 0820;
				LastUpgradeCheck = 0820;
				TargetAttributes = {
					58C38C4C1E69669700B6F9AE = {
						CreatedOnToolsVersion = 8.2.1;
						DevelopmentTeam = YJD3YQ6P48;
						LastSwiftMigration = 0820;
						ProvisioningStyle = Automatic;
					};
					58C38C551E69669700B6F9AE = {
						CreatedOnToolsVersion = 8.2.1;
						DevelopmentTeam = YJD3YQ6P48;
						ProvisioningStyle = Automatic;
					};
				};
			};
			buildConfigurationList = 58C38C471E69669700B6F9AE /* Build configuration list for PBXProject "ios_framework_with_skyway" */;
			compatibilityVersion = "Xcode 3.2";
			developmentRegion = English;
			hasScannedForEncodings = 0;
			knownRegions = (
				en,
			);
			mainGroup = 58C38C431E69669700B6F9AE;
			productRefGroup = 58C38C4E1E69669700B6F9AE /* Products */;
			projectDirPath = "";
			projectRoot = "";
			targets = (
				58C38C4C1E69669700B6F9AE /* ios_framework_with_skyway */,
				58C38C551E69669700B6F9AE /* ios_framework_with_skywayTests */,
			);
		};
/* End PBXProject section */

/* Begin PBXResourcesBuildPhase section */
		58C38C4B1E69669700B6F9AE /* Resources */ = {
			isa = PBXResourcesBuildPhase;
			buildActionMask = 2147483647;
			files = (
			);
			runOnlyForDeploymentPostprocessing = 0;
		};
		58C38C541E69669700B6F9AE /* Resources */ = {
			isa = PBXResourcesBuildPhase;
			buildActionMask = 2147483647;
			files = (
			);
			runOnlyForDeploymentPostprocessing = 0;
		};
/* End PBXResourcesBuildPhase section */

/* Begin PBXShellScriptBuildPhase section */
		1E13FDFE041963CDF0A01270 /* [CP] Check Pods Manifest.lock */ = {
			isa = PBXShellScriptBuildPhase;
			buildActionMask = 2147483647;
			files = (
			);
			inputPaths = (
			);
			name = "[CP] Check Pods Manifest.lock";
			outputPaths = (
			);
			runOnlyForDeploymentPostprocessing = 0;
			shellPath = /bin/sh;
			shellScript = "diff \"${PODS_ROOT}/../Podfile.lock\" \"${PODS_ROOT}/Manifest.lock\" > /dev/null\nif [ $? != 0 ] ; then\n    # print error to STDERR\n    echo \"error: The sandbox is not in sync with the Podfile.lock. Run 'pod install' or update your CocoaPods installation.\" >&2\n    exit 1\nfi\n";
			showEnvVarsInLog = 0;
		};
		681D7D3C3E281AD68372EA87 /* [CP] Copy Pods Resources */ = {
			isa = PBXShellScriptBuildPhase;
			buildActionMask = 2147483647;
			files = (
			);
			inputPaths = (
			);
			name = "[CP] Copy Pods Resources";
			outputPaths = (
			);
			runOnlyForDeploymentPostprocessing = 0;
			shellPath = /bin/sh;
			shellScript = "\"${SRCROOT}/Pods/Target Support Files/Pods-ios_framework_with_skywayTests/Pods-ios_framework_with_skywayTests-resources.sh\"\n";
			showEnvVarsInLog = 0;
		};
		82D88E9CAB1EA56202FD78D0 /* [CP] Copy Pods Resources */ = {
			isa = PBXShellScriptBuildPhase;
			buildActionMask = 2147483647;
			files = (
			);
			inputPaths = (
			);
			name = "[CP] Copy Pods Resources";
			outputPaths = (
			);
			runOnlyForDeploymentPostprocessing = 0;
			shellPath = /bin/sh;
			shellScript = "\"${SRCROOT}/Pods/Target Support Files/Pods-ios_framework_with_skyway/Pods-ios_framework_with_skyway-resources.sh\"\n";
			showEnvVarsInLog = 0;
		};
		ADBB60CACA7D85B250A912BA /* [CP] Check Pods Manifest.lock */ = {
			isa = PBXShellScriptBuildPhase;
			buildActionMask = 2147483647;
			files = (
			);
			inputPaths = (
			);
			name = "[CP] Check Pods Manifest.lock";
			outputPaths = (
			);
			runOnlyForDeploymentPostprocessing = 0;
			shellPath = /bin/sh;
			shellScript = "diff \"${PODS_ROOT}/../Podfile.lock\" \"${PODS_ROOT}/Manifest.lock\" > /dev/null\nif [ $? != 0 ] ; then\n    # print error to STDERR\n    echo \"error: The sandbox is not in sync with the Podfile.lock. Run 'pod install' or update your CocoaPods installation.\" >&2\n    exit 1\nfi\n";
			showEnvVarsInLog = 0;
		};
		C65CC41BFD6670F288F8F8E1 /* [CP] Embed Pods Frameworks */ = {
			isa = PBXShellScriptBuildPhase;
			buildActionMask = 2147483647;
			files = (
			);
			inputPaths = (
			);
			name = "[CP] Embed Pods Frameworks";
			outputPaths = (
			);
			runOnlyForDeploymentPostprocessing = 0;
			shellPath = /bin/sh;
			shellScript = "\"${SRCROOT}/Pods/Target Support Files/Pods-ios_framework_with_skywayTests/Pods-ios_framework_with_skywayTests-frameworks.sh\"\n";
			showEnvVarsInLog = 0;
		};
/* End PBXShellScriptBuildPhase section */

/* Begin PBXSourcesBuildPhase section */
		58C38C481E69669700B6F9AE /* Sources */ = {
			isa = PBXSourcesBuildPhase;
			buildActionMask = 2147483647;
			files = (
				58C38C6E1E696B3200B6F9AE /* PeerManager.swift in Sources */,
			);
			runOnlyForDeploymentPostprocessing = 0;
		};
		58C38C521E69669700B6F9AE /* Sources */ = {
			isa = PBXSourcesBuildPhase;
			buildActionMask = 2147483647;
			files = (
				58C38C5C1E69669700B6F9AE /* ios_framework_with_skywayTests.swift in Sources */,
			);
			runOnlyForDeploymentPostprocessing = 0;
		};
/* End PBXSourcesBuildPhase section */

/* Begin PBXTargetDependency section */
		58C38C591E69669700B6F9AE /* PBXTargetDependency */ = {
			isa = PBXTargetDependency;
			target = 58C38C4C1E69669700B6F9AE /* ios_framework_with_skyway */;
			targetProxy = 58C38C581E69669700B6F9AE /* PBXContainerItemProxy */;
		};
/* End PBXTargetDependency section */

/* Begin XCBuildConfiguration section */
		58C38C5F1E69669700B6F9AE /* Debug */ = {
			isa = XCBuildConfiguration;
			buildSettings = {
				ALWAYS_SEARCH_USER_PATHS = NO;
				CLANG_ANALYZER_NONNULL = YES;
				CLANG_CXX_LANGUAGE_STANDARD = "gnu++0x";
				CLANG_CXX_LIBRARY = "libc++";
				CLANG_ENABLE_MODULES = YES;
				CLANG_ENABLE_OBJC_ARC = YES;
				CLANG_WARN_BOOL_CONVERSION = YES;
				CLANG_WARN_CONSTANT_CONVERSION = YES;
				CLANG_WARN_DIRECT_OBJC_ISA_USAGE = YES_ERROR;
				CLANG_WARN_DOCUMENTATION_COMMENTS = YES;
				CLANG_WARN_EMPTY_BODY = YES;
				CLANG_WARN_ENUM_CONVERSION = YES;
				CLANG_WARN_INFINITE_RECURSION = YES;
				CLANG_WARN_INT_CONVERSION = YES;
				CLANG_WARN_OBJC_ROOT_CLASS = YES_ERROR;
				CLANG_WARN_SUSPICIOUS_MOVE = YES;
				CLANG_WARN_UNREACHABLE_CODE = YES;
				CLANG_WARN__DUPLICATE_METHOD_MATCH = YES;
				"CODE_SIGN_IDENTITY[sdk=iphoneos*]" = "iPhone Developer";
				COPY_PHASE_STRIP = NO;
				CURRENT_PROJECT_VERSION = 1;
				DEBUG_INFORMATION_FORMAT = dwarf;
				ENABLE_STRICT_OBJC_MSGSEND = YES;
				ENABLE_TESTABILITY = YES;
				GCC_C_LANGUAGE_STANDARD = gnu99;
				GCC_DYNAMIC_NO_PIC = NO;
				GCC_NO_COMMON_BLOCKS = YES;
				GCC_OPTIMIZATION_LEVEL = 0;
				GCC_PREPROCESSOR_DEFINITIONS = (
					"DEBUG=1",
					"$(inherited)",
				);
				GCC_WARN_64_TO_32_BIT_CONVERSION = YES;
				GCC_WARN_ABOUT_RETURN_TYPE = YES_ERROR;
				GCC_WARN_UNDECLARED_SELECTOR = YES;
				GCC_WARN_UNINITIALIZED_AUTOS = YES_AGGRESSIVE;
				GCC_WARN_UNUSED_FUNCTION = YES;
				GCC_WARN_UNUSED_VARIABLE = YES;
				IPHONEOS_DEPLOYMENT_TARGET = 10.2;
				MTL_ENABLE_DEBUG_INFO = YES;
				ONLY_ACTIVE_ARCH = NO;
				SDKROOT = iphoneos;
				SWIFT_ACTIVE_COMPILATION_CONDITIONS = DEBUG;
				SWIFT_OPTIMIZATION_LEVEL = "-Onone";
				SWIFT_VERSION = 2.3;
				TARGETED_DEVICE_FAMILY = "1,2";
				VERSIONING_SYSTEM = "apple-generic";
				VERSION_INFO_PREFIX = "";
			};
			name = Debug;
		};
		58C38C601E69669700B6F9AE /* Release */ = {
			isa = XCBuildConfiguration;
			buildSettings = {
				ALWAYS_SEARCH_USER_PATHS = NO;
				CLANG_ANALYZER_NONNULL = YES;
				CLANG_CXX_LANGUAGE_STANDARD = "gnu++0x";
				CLANG_CXX_LIBRARY = "libc++";
				CLANG_ENABLE_MODULES = YES;
				CLANG_ENABLE_OBJC_ARC = YES;
				CLANG_WARN_BOOL_CONVERSION = YES;
				CLANG_WARN_CONSTANT_CONVERSION = YES;
				CLANG_WARN_DIRECT_OBJC_ISA_USAGE = YES_ERROR;
				CLANG_WARN_DOCUMENTATION_COMMENTS = YES;
				CLANG_WARN_EMPTY_BODY = YES;
				CLANG_WARN_ENUM_CONVERSION = YES;
				CLANG_WARN_INFINITE_RECURSION = YES;
				CLANG_WARN_INT_CONVERSION = YES;
				CLANG_WARN_OBJC_ROOT_CLASS = YES_ERROR;
				CLANG_WARN_SUSPICIOUS_MOVE = YES;
				CLANG_WARN_UNREACHABLE_CODE = YES;
				CLANG_WARN__DUPLICATE_METHOD_MATCH = YES;
				"CODE_SIGN_IDENTITY[sdk=iphoneos*]" = "iPhone Developer";
				COPY_PHASE_STRIP = NO;
				CURRENT_PROJECT_VERSION = 1;
				DEBUG_INFORMATION_FORMAT = "dwarf-with-dsym";
				ENABLE_NS_ASSERTIONS = NO;
				ENABLE_STRICT_OBJC_MSGSEND = YES;
				GCC_C_LANGUAGE_STANDARD = gnu99;
				GCC_NO_COMMON_BLOCKS = YES;
				GCC_WARN_64_TO_32_BIT_CONVERSION = YES;
				GCC_WARN_ABOUT_RETURN_TYPE = YES_ERROR;
				GCC_WARN_UNDECLARED_SELECTOR = YES;
				GCC_WARN_UNINITIALIZED_AUTOS = YES_AGGRESSIVE;
				GCC_WARN_UNUSED_FUNCTION = YES;
				GCC_WARN_UNUSED_VARIABLE = YES;
				IPHONEOS_DEPLOYMENT_TARGET = 10.2;
				MTL_ENABLE_DEBUG_INFO = NO;
				SDKROOT = iphoneos;
				SWIFT_OPTIMIZATION_LEVEL = "-Owholemodule";
				SWIFT_VERSION = 2.3;
				TARGETED_DEVICE_FAMILY = "1,2";
				VALIDATE_PRODUCT = YES;
				VERSIONING_SYSTEM = "apple-generic";
				VERSION_INFO_PREFIX = "";
			};
			name = Release;
		};
		58C38C621E69669700B6F9AE /* Debug */ = {
			isa = XCBuildConfiguration;
			baseConfigurationReference = 36BEFA8EA77D04B767C93BC0 /* Pods-ios_framework_with_skyway.debug.xcconfig */;
			buildSettings = {
				ARCHS = arm64;
				CLANG_ENABLE_MODULES = YES;
				CODE_SIGN_IDENTITY = "";
				DEFINES_MODULE = YES;
				DEVELOPMENT_TEAM = YJD3YQ6P48;
				DYLIB_COMPATIBILITY_VERSION = 1;
				DYLIB_CURRENT_VERSION = 1;
				DYLIB_INSTALL_NAME_BASE = "@rpath";
				ENABLE_BITCODE = NO;
				INFOPLIST_FILE = ios_framework_with_skyway/Info.plist;
				INSTALL_PATH = "$(LOCAL_LIBRARY_DIR)/Frameworks";
				IPHONEOS_DEPLOYMENT_TARGET = 8.0;
				LD_RUNPATH_SEARCH_PATHS = "$(inherited) @executable_path/Frameworks @loader_path/Frameworks";
				PRODUCT_BUNDLE_IDENTIFIER = "dev.kakueki61.ios-framework-with-skyway";
				PRODUCT_NAME = "$(TARGET_NAME)";
				SKIP_INSTALL = YES;
				SWIFT_OPTIMIZATION_LEVEL = "-Onone";
				SWIFT_VERSION = 3.0;
				VALID_ARCHS = arm64;
			};
			name = Debug;
		};
		58C38C631E69669700B6F9AE /* Release */ = {
			isa = XCBuildConfiguration;
			baseConfigurationReference = D098F98F3242179D0EEAC238 /* Pods-ios_framework_with_skyway.release.xcconfig */;
			buildSettings = {
				ARCHS = arm64;
				CLANG_ENABLE_MODULES = YES;
				CODE_SIGN_IDENTITY = "";
				DEFINES_MODULE = YES;
				DEVELOPMENT_TEAM = YJD3YQ6P48;
				DYLIB_COMPATIBILITY_VERSION = 1;
				DYLIB_CURRENT_VERSION = 1;
				DYLIB_INSTALL_NAME_BASE = "@rpath";
				ENABLE_BITCODE = NO;
				INFOPLIST_FILE = ios_framework_with_skyway/Info.plist;
				INSTALL_PATH = "$(LOCAL_LIBRARY_DIR)/Frameworks";
				IPHONEOS_DEPLOYMENT_TARGET = 8.0;
				LD_RUNPATH_SEARCH_PATHS = "$(inherited) @executable_path/Frameworks @loader_path/Frameworks";
				PRODUCT_BUNDLE_IDENTIFIER = "dev.kakueki61.ios-framework-with-skyway";
				PRODUCT_NAME = "$(TARGET_NAME)";
				SKIP_INSTALL = YES;
				SWIFT_VERSION = 3.0;
				VALID_ARCHS = arm64;
			};
			name = Release;
		};
		58C38C651E69669700B6F9AE /* Debug */ = {
			isa = XCBuildConfiguration;
			baseConfigurationReference = 67B2C6976CF693A8E0164B06 /* Pods-ios_framework_with_skywayTests.debug.xcconfig */;
			buildSettings = {
				ALWAYS_EMBED_SWIFT_STANDARD_LIBRARIES = YES;
				DEVELOPMENT_TEAM = YJD3YQ6P48;
				INFOPLIST_FILE = ios_framework_with_skywayTests/Info.plist;
				LD_RUNPATH_SEARCH_PATHS = "$(inherited) @executable_path/Frameworks @loader_path/Frameworks";
				PRODUCT_BUNDLE_IDENTIFIER = "dev.kakueki61.ios-framework-with-skywayTests";
				PRODUCT_NAME = "$(TARGET_NAME)";
				SWIFT_VERSION = 3.0;
			};
			name = Debug;
		};
		58C38C661E69669700B6F9AE /* Release */ = {
			isa = XCBuildConfiguration;
			baseConfigurationReference = 21397BFB7AD5D15979CD65B6 /* Pods-ios_framework_with_skywayTests.release.xcconfig */;
			buildSettings = {
				ALWAYS_EMBED_SWIFT_STANDARD_LIBRARIES = YES;
				DEVELOPMENT_TEAM = YJD3YQ6P48;
				INFOPLIST_FILE = ios_framework_with_skywayTests/Info.plist;
				LD_RUNPATH_SEARCH_PATHS = "$(inherited) @executable_path/Frameworks @loader_path/Frameworks";
				PRODUCT_BUNDLE_IDENTIFIER = "dev.kakueki61.ios-framework-with-skywayTests";
				PRODUCT_NAME = "$(TARGET_NAME)";
				SWIFT_VERSION = 3.0;
			};
			name = Release;
		};
/* End XCBuildConfiguration section */

/* Begin XCConfigurationList section */
		58C38C471E69669700B6F9AE /* Build configuration list for PBXProject "ios_framework_with_skyway" */ = {
			isa = XCConfigurationList;
			buildConfigurations = (
				58C38C5F1E69669700B6F9AE /* Debug */,
				58C38C601E69669700B6F9AE /* Release */,
			);
			defaultConfigurationIsVisible = 0;
			defaultConfigurationName = Release;
		};
		58C38C611E69669700B6F9AE /* Build configuration list for PBXNativeTarget "ios_framework_with_skyway" */ = {
			isa = XCConfigurationList;
			buildConfigurations = (
				58C38C621E69669700B6F9AE /* Debug */,
				58C38C631E69669700B6F9AE /* Release */,
			);
			defaultConfigurationIsVisible = 0;
			defaultConfigurationName = Release;
		};
		58C38C641E69669700B6F9AE /* Build configuration list for PBXNativeTarget "ios_framework_with_skywayTests" */ = {
			isa = XCConfigurationList;
			buildConfigurations = (
				58C38C651E69669700B6F9AE /* Debug */,
				58C38C661E69669700B6F9AE /* Release */,
			);
			defaultConfigurationIsVisible = 0;
			defaultConfigurationName = Release;
		};
/* End XCConfigurationList section */
	};
	rootObject = 58C38C441E69669700B6F9AE /* Project object */;
}
